
Microsoft Visual Studio Solution File, Format Version 12.00
Project("{2150E333-8FDC-42A3-9474-1A3956D46DE8}") = "src", "src", "{575F74FB-71DD-40B0-98D5-40609986954E}"
EndProject
Project("{2150E333-8FDC-42A3-9474-1A3956D46DE8}") = "tests", "tests", "{F6DA2974-8CE5-40FD-B705-28C8AD6F0F16}"
EndProject
Project("{2150E333-8FDC-42A3-9474-1A3956D46DE8}") = "API", "API", "{2B867180-4A14-4811-A8AF-E1D436E3547E}"
EndProject
Project("{2150E333-8FDC-42A3-9474-1A3956D46DE8}") = "Core", "Core", "{2FF907E5-00DD-4343-8E10-08026811AAA5}"
EndProject
Project("{2150E333-8FDC-42A3-9474-1A3956D46DE8}") = "Infrastructure", "Infrastructure", "{F738A7B3-8960-4693-89F6-D6E64CF7825D}"
EndProject
Project("{2150E333-8FDC-42A3-9474-1A3956D46DE8}") = "UI", "UI", "{7BC38560-C633-4CC9-A333-4A30C9CA4EAA}"
EndProject
Project("{FAE04EC0-301F-11D3-BF4B-00C04F79EFBC}") = "ProjectManager_API.Domain", "ProjectManager_API.Domain\ProjectManager_API.Domain.csproj", "{672EBDD6-743C-4318-AF1F-9299A39439C8}"
EndProject
Project("{FAE04EC0-301F-11D3-BF4B-00C04F79EFBC}") = "ProjectManager_API.Application", "ProjectManager_API.Application\ProjectManager_API.Application.csproj", "{2AB87A95-B8B5-4A55-B143-4A8AD3456B63}"
EndProject
Project("{FAE04EC0-301F-11D3-BF4B-00C04F79EFBC}") = "ProjectManager_API.Persistence", "ProjectManager_API.Persistence\ProjectManager_API.Persistence.csproj", "{DA0AC3E8-CF66-40CC-8E43-DF68B2A22437}"
EndProject
Project("{FAE04EC0-301F-11D3-BF4B-00C04F79EFBC}") = "ProjectManager_API.Infrastructure", "ProjectManager_API.Infrastructure\ProjectManager_API.Infrastructure.csproj", "{9750B2CA-527C-4087-96C6-246F16578438}"
EndProject
Project("{FAE04EC0-301F-11D3-BF4B-00C04F79EFBC}") = "ProjectManager_API.Api", "ProjectManager_API.Api\ProjectManager_API.Api.csproj", "{84990E9E-7112-469F-9918-AC34E25AC2B1}"
EndProject
Global
	GlobalSection(SolutionConfigurationPlatforms) = preSolution
		Debug|Any CPU = Debug|Any CPU
		Release|Any CPU = Release|Any CPU
	EndGlobalSection
	GlobalSection(NestedProjects) = preSolution
		{2B867180-4A14-4811-A8AF-E1D436E3547E} = {575F74FB-71DD-40B0-98D5-40609986954E}
		{2FF907E5-00DD-4343-8E10-08026811AAA5} = {575F74FB-71DD-40B0-98D5-40609986954E}
		{F738A7B3-8960-4693-89F6-D6E64CF7825D} = {575F74FB-71DD-40B0-98D5-40609986954E}
		{7BC38560-C633-4CC9-A333-4A30C9CA4EAA} = {575F74FB-71DD-40B0-98D5-40609986954E}
		{672EBDD6-743C-4318-AF1F-9299A39439C8} = {2FF907E5-00DD-4343-8E10-08026811AAA5}
		{2AB87A95-B8B5-4A55-B143-4A8AD3456B63} = {2FF907E5-00DD-4343-8E10-08026811AAA5}
		{DA0AC3E8-CF66-40CC-8E43-DF68B2A22437} = {F738A7B3-8960-4693-89F6-D6E64CF7825D}
		{9750B2CA-527C-4087-96C6-246F16578438} = {F738A7B3-8960-4693-89F6-D6E64CF7825D}
		{84990E9E-7112-469F-9918-AC34E25AC2B1} = {2B867180-4A14-4811-A8AF-E1D436E3547E}
	EndGlobalSection
	GlobalSection(ProjectConfigurationPlatforms) = postSolution
		{672EBDD6-743C-4318-AF1F-9299A39439C8}.Debug|Any CPU.ActiveCfg = Debug|Any CPU
		{672EBDD6-743C-4318-AF1F-9299A39439C8}.Debug|Any CPU.Build.0 = Debug|Any CPU
		{672EBDD6-743C-4318-AF1F-9299A39439C8}.Release|Any CPU.ActiveCfg = Release|Any CPU
		{672EBDD6-743C-4318-AF1F-9299A39439C8}.Release|Any CPU.Build.0 = Release|Any CPU
		{2AB87A95-B8B5-4A55-B143-4A8AD3456B63}.Debug|Any CPU.ActiveCfg = Debug|Any CPU
		{2AB87A95-B8B5-4A55-B143-4A8AD3456B63}.Debug|Any CPU.Build.0 = Debug|Any CPU
		{2AB87A95-B8B5-4A55-B143-4A8AD3456B63}.Release|Any CPU.ActiveCfg = Release|Any CPU
		{2AB87A95-B8B5-4A55-B143-4A8AD3456B63}.Release|Any CPU.Build.0 = Release|Any CPU
		{DA0AC3E8-CF66-40CC-8E43-DF68B2A22437}.Debug|Any CPU.ActiveCfg = Debug|Any CPU
		{DA0AC3E8-CF66-40CC-8E43-DF68B2A22437}.Debug|Any CPU.Build.0 = Debug|Any CPU
		{DA0AC3E8-CF66-40CC-8E43-DF68B2A22437}.Release|Any CPU.ActiveCfg = Release|Any CPU
		{DA0AC3E8-CF66-40CC-8E43-DF68B2A22437}.Release|Any CPU.Build.0 = Release|Any CPU
		{9750B2CA-527C-4087-96C6-246F16578438}.Debug|Any CPU.ActiveCfg = Debug|Any CPU
		{9750B2CA-527C-4087-96C6-246F16578438}.Debug|Any CPU.Build.0 = Debug|Any CPU
		{9750B2CA-527C-4087-96C6-246F16578438}.Release|Any CPU.ActiveCfg = Release|Any CPU
		{9750B2CA-527C-4087-96C6-246F16578438}.Release|Any CPU.Build.0 = Release|Any CPU
		{84990E9E-7112-469F-9918-AC34E25AC2B1}.Debug|Any CPU.ActiveCfg = Debug|Any CPU
		{84990E9E-7112-469F-9918-AC34E25AC2B1}.Debug|Any CPU.Build.0 = Debug|Any CPU
		{84990E9E-7112-469F-9918-AC34E25AC2B1}.Release|Any CPU.ActiveCfg = Release|Any CPU
		{84990E9E-7112-469F-9918-AC34E25AC2B1}.Release|Any CPU.Build.0 = Release|Any CPU
	EndGlobalSection
EndGlobal
